// !$*UTF8*$!
{
	archiveVersion = 1;
	classes = {
	};
	objectVersion = 46;
	objects = {

/* Begin PBXBuildFile section */
		AEC3FF921DF64FF600026856 /* AppDelegate.swift in Sources */ = {isa = PBXBuildFile; fileRef = AEC3FF911DF64FF600026856 /* AppDelegate.swift */; };
		AEC3FF941DF64FF600026856 /* ViewController.swift in Sources */ = {isa = PBXBuildFile; fileRef = AEC3FF931DF64FF600026856 /* ViewController.swift */; };
		AEC3FF971DF64FF600026856 /* Main.storyboard in Resources */ = {isa = PBXBuildFile; fileRef = AEC3FF951DF64FF600026856 /* Main.storyboard */; };
		AEC3FF991DF64FF600026856 /* Assets.xcassets in Resources */ = {isa = PBXBuildFile; fileRef = AEC3FF981DF64FF600026856 /* Assets.xcassets */; };
		AEC3FF9C1DF64FF600026856 /* LaunchScreen.storyboard in Resources */ = {isa = PBXBuildFile; fileRef = AEC3FF9A1DF64FF600026856 /* LaunchScreen.storyboard */; };
		AEC3FFA41DF6593600026856 /* WaterfallLayout.swift in Sources */ = {isa = PBXBuildFile; fileRef = AEC3FFA31DF6593600026856 /* WaterfallLayout.swift */; };
		AEC3FFA61DF67FFB00026856 /* UIColor+Extension.swift in Sources */ = {isa = PBXBuildFile; fileRef = AEC3FFA51DF67FFB00026856 /* UIColor+Extension.swift */; };
/* End PBXBuildFile section */

/* Begin PBXFileReference section */
		AEC3FF8E1DF64FF600026856 /* WaterfallDemo.app */ = {isa = PBXFileReference; explicitFileType = wrapper.application; includeInIndex = 0; path = WaterfallDemo.app; sourceTree = BUILT_PRODUCTS_DIR; };
		AEC3FF911DF64FF600026856 /* AppDelegate.swift */ = {isa = PBXFileReference; lastKnownFileType = sourcecode.swift; path = AppDelegate.swift; sourceTree = "<group>"; };
		AEC3FF931DF64FF600026856 /* ViewController.swift */ = {isa = PBXFileReference; lastKnownFileType = sourcecode.swift; path = ViewController.swift; sourceTree = "<group>"; };
		AEC3FF961DF64FF600026856 /* Base */ = {isa = PBXFileReference; lastKnownFileType = file.storyboard; name = Base; path = Base.lproj/Main.storyboard; sourceTree = "<group>"; };
		AEC3FF981DF64FF600026856 /* Assets.xcassets */ = {isa = PBXFileReference; lastKnownFileType = folder.assetcatalog; path = Assets.xcassets; sourceTree = "<group>"; };
		AEC3FF9B1DF64FF600026856 /* Base */ = {isa = PBXFileReference; lastKnownFileType = file.storyboard; name = Base; path = Base.lproj/LaunchScreen.storyboard; sourceTree = "<group>"; };
		AEC3FF9D1DF64FF600026856 /* Info.plist */ = {isa = PBXFileReference; lastKnownFileType = text.plist.xml; path = Info.plist; sourceTree = "<group>"; };
		AEC3FFA31DF6593600026856 /* WaterfallLayout.swift */ = {isa = PBXFileReference; fileEncoding = 4; lastKnownFileType = sourcecode.swift; path = WaterfallLayout.swift; sourceTree = "<group>"; };
		AEC3FFA51DF67FFB00026856 /* UIColor+Extension.swift */ = {isa = PBXFileReference; fileEncoding = 4; lastKnownFileType = sourcecode.swift; path = "UIColor+Extension.swift"; sourceTree = "<group>"; };
/* End PBXFileReference section */

/* Begin PBXFrameworksBuildPhase section */
		AEC3FF8B1DF64FF600026856 /* Frameworks */ = {
			isa = PBXFrameworksBuildPhase;
			buildActionMask = 2147483647;
			files = (
			);
			runOnlyForDeploymentPostprocessing = 0;
		};
/* End PBXFrameworksBuildPhase section */

/* Begin PBXGroup section */
		AEC3FF851DF64FF600026856 = {
			isa = PBXGroup;
			children = (
				AEC3FF901DF64FF600026856 /* WaterfallDemo */,
				AEC3FF8F1DF64FF600026856 /* Products */,
			);
			sourceTree = "<group>";
		};
		AEC3FF8F1DF64FF600026856 /* Products */ = {
			isa = PBXGroup;
			children = (
				AEC3FF8E1DF64FF600026856 /* WaterfallDemo.app */,
			);
			name = Products;
			sourceTree = "<group>";
		};
		AEC3FF901DF64FF600026856 /* WaterfallDemo */ = {
			isa = PBXGroup;
			children = (
				AEC3FFA51DF67FFB00026856 /* UIColor+Extension.swift */,
				AEC3FF911DF64FF600026856 /* AppDelegate.swift */,
				AEC3FF931DF64FF600026856 /* ViewController.swift */,
				AEC3FFA31DF6593600026856 /* WaterfallLayout.swift */,
				AEC3FF951DF64FF600026856 /* Main.storyboard */,
				AEC3FF981DF64FF600026856 /* Assets.xcassets */,
				AEC3FF9A1DF64FF600026856 /* LaunchScreen.storyboard */,
				AEC3FF9D1DF64FF600026856 /* Info.plist */,
			);
			path = WaterfallDemo;
			sourceTree = "<group>";
		};
/* End PBXGroup section */

/* Begin PBXNativeTarget section */
		AEC3FF8D1DF64FF600026856 /* WaterfallDemo */ = {
			isa = PBXNativeTarget;
			buildConfigurationList = AEC3FFA01DF64FF600026856 /* Build configuration list for PBXNativeTarget "WaterfallDemo" */;
			buildPhases = (
				AEC3FF8A1DF64FF600026856 /* Sources */,
				AEC3FF8B1DF64FF600026856 /* Frameworks */,
				AEC3FF8C1DF64FF600026856 /* Resources */,
			);
			buildRules = (
			);
			dependencies = (
			);
			name = WaterfallDemo;
			productName = WaterfallDemo;
			productReference = AEC3FF8E1DF64FF600026856 /* WaterfallDemo.app */;
			productType = "com.apple.product-type.application";
		};
/* End PBXNativeTarget section */

/* Begin PBXProject section */
		AEC3FF861DF64FF600026856 /* Project object */ = {
			isa = PBXProject;
			attributes = {
				LastSwiftUpdateCheck = 0810;
				LastUpgradeCheck = 0810;
				ORGANIZATIONNAME = sajiner;
				TargetAttributes = {
					AEC3FF8D1DF64FF600026856 = {
						CreatedOnToolsVersion = 8.1;
						DevelopmentTeam = G46CPH7762;
						ProvisioningStyle = Automatic;
					};
				};
			};
			buildConfigurationList = AEC3FF891DF64FF600026856 /* Build configuration list for PBXProject "WaterfallDemo" */;
			compatibilityVersion = "Xcode 3.2";
			developmentRegion = English;
			hasScannedForEncodings = 0;
			knownRegions = (
				en,
				Base,
			);
			mainGroup = AEC3FF851DF64FF600026856;
			productRefGroup = AEC3FF8F1DF64FF600026856 /* Products */;
			projectDirPath = "";
			projectRoot = "";
			targets = (
				AEC3FF8D1DF64FF600026856 /* WaterfallDemo */,
			);
		};
/* End PBXProject section */

/* Begin PBXResourcesBuildPhase section */
		AEC3FF8C1DF64FF600026856 /* Resources */ = {
			isa = PBXResourcesBuildPhase;
			buildActionMask = 2147483647;
			files = (
				AEC3FF9C1DF64FF600026856 /* LaunchScreen.storyboard in Resources */,
				AEC3FF991DF64FF600026856 /* Assets.xcassets in Resources */,
				AEC3FF971DF64FF600026856 /* Main.storyboard in Resources */,
			);
			runOnlyForDeploymentPostprocessing = 0;
		};
/* End PBXResourcesBuildPhase section */

/* Begin PBXSourcesBuildPhase section */
		AEC3FF8A1DF64FF600026856 /* Sources */ = {
			isa = PBXSourcesBuildPhase;
			buildActionMask = 2147483647;
			files = (
				AEC3FF941DF64FF600026856 /* ViewController.swift in Sources */,
				AEC3FFA41DF6593600026856 /* WaterfallLayout.swift in Sources */,
				AEC3FF921DF64FF600026856 /* AppDelegate.swift in Sources */,
				AEC3FFA61DF67FFB00026856 /* UIColor+Extension.swift in Sources */,
			);
			runOnlyForDeploymentPostprocessing = 0;
		};
/* End PBXSourcesBuildPhase section */

/* Begin PBXVariantGroup section */
		AEC3FF951DF64FF600026856 /* Main.storyboard */ = {
			isa = PBXVariantGroup;
			children = (
				AEC3FF961DF64FF600026856 /* Base */,
			);
			name = Main.storyboard;
			sourceTree = "<group>";
		};
		AEC3FF9A1DF64FF600026856 /* LaunchScreen.storyboard */ = {
			isa = PBXVariantGroup;
			children = (
				AEC3FF9B1DF64FF600026856 /* Base */,
			);
			name = LaunchScreen.storyboard;
			sourceTree = "<group>";
		};
/* End PBXVariantGroup section */

/* Begin XCBuildConfiguration section */
		AEC3FF9E1DF64FF600026856 /* Debug */ = {
			isa = XCBuildConfiguration;
			buildSettings = {
				ALWAYS_SEARCH_USER_PATHS = NO;
				CLANG_ANALYZER_NONNULL = YES;
				CLANG_CXX_LANGUAGE_STANDARD = "gnu++0x";
				CLANG_CXX_LIBRARY = "libc++";
				CLANG_ENABLE_MODULES = YES;
				CLANG_ENABLE_OBJC_ARC = YES;
				CLANG_WARN_BOOL_CONVERSION = YES;
				CLANG_WARN_CONSTANT_CONVERSION = YES;
				CLANG_WARN_DIRECT_OBJC_ISA_USAGE = YES_ERROR;
				CLANG_WARN_DOCUMENTATION_COMMENTS = YES;
				CLANG_WARN_EMPTY_BODY = YES;
				CLANG_WARN_ENUM_CONVERSION = YES;
				CLANG_WARN_INFINITE_RECURSION = YES;
				CLANG_WARN_INT_CONVERSION = YES;
				CLANG_WARN_OBJC_ROOT_CLASS = YES_ERROR;
				CLANG_WARN_SUSPICIOUS_MOVES = YES;
				CLANG_WARN_UNREACHABLE_CODE = YES;
				CLANG_WARN__DUPLICATE_METHOD_MATCH = YES;
				"CODE_SIGN_IDENTITY[sdk=iphoneos*]" = "iPhone Developer";
				COPY_PHASE_STRIP = NO;
				DEBUG_INFORMATION_FORMAT = dwarf;
				ENABLE_STRICT_OBJC_MSGSEND = YES;
				ENABLE_TESTABILITY = YES;
				GCC_C_LANGUAGE_STANDARD = gnu99;
				GCC_DYNAMIC_NO_PIC = NO;
				GCC_NO_COMMON_BLOCKS = YES;
				GCC_OPTIMIZATION_LEVEL = 0;
				GCC_PREPROCESSOR_DEFINITIONS = (
					"DEBUG=1",
					"$(inherited)",
				);
				GCC_WARN_64_TO_32_BIT_CONVERSION = YES;
				GCC_WARN_ABOUT_RETURN_TYPE = YES_ERROR;
				GCC_WARN_UNDECLARED_SELECTOR = YES;
				GCC_WARN_UNINITIALIZED_AUTOS = YES_AGGRESSIVE;
				GCC_WARN_UNUSED_FUNCTION = YES;
				GCC_WARN_UNUSED_VARIABLE = YES;
				IPHONEOS_DEPLOYMENT_TARGET = 10.1;
				MTL_ENABLE_DEBUG_INFO = YES;
				ONLY_ACTIVE_ARCH = YES;
				SDKROOT = iphoneos;
				SWIFT_ACTIVE_COMPILATION_CONDITIONS = DEBUG;
				SWIFT_OPTIMIZATION_LEVEL = "-Onone";
			};
			name = Debug;
		};
		AEC3FF9F1DF64FF600026856 /* Release */ = {
			isa = XCBuildConfiguration;
			buildSettings = {
				ALWAYS_SEARCH_USER_PATHS = NO;
				CLANG_ANALYZER_NONNULL = YES;
				CLANG_CXX_LANGUAGE_STANDARD = "gnu++0x";
				CLANG_CXX_LIBRARY = "libc++";
				CLANG_ENABLE_MODULES = YES;
				CLANG_ENABLE_OBJC_ARC = YES;
				CLANG_WARN_BOOL_CONVERSION = YES;
				CLANG_WARN_CONSTANT_CONVERSION = YES;
				CLANG_WARN_DIRECT_OBJC_ISA_USAGE = YES_ERROR;
				CLANG_WARN_DOCUMENTATION_COMMENTS = YES;
				CLANG_WARN_EMPTY_BODY = YES;
				CLANG_WARN_ENUM_CONVERSION = YES;
				CLANG_WARN_INFINITE_RECURSION = YES;
				CLANG_WARN_INT_CONVERSION = YES;
				CLANG_WARN_OBJC_ROOT_CLASS = YES_ERROR;
				CLANG_WARN_SUSPICIOUS_MOVES = YES;
				CLANG_WARN_UNREACHABLE_CODE = YES;
				CLANG_WARN__DUPLICATE_METHOD_MATCH = YES;
				"CODE_SIGN_IDENTITY[sdk=iphoneos*]" = "iPhone Developer";
				COPY_PHASE_STRIP = NO;
				DEBUG_INFORMATION_FORMAT = "dwarf-with-dsym";
				ENABLE_NS_ASSERTIONS = NO;
				ENABLE_STRICT_OBJC_MSGSEND = YES;
				GCC_C_LANGUAGE_STANDARD = gnu99;
				GCC_NO_COMMON_BLOCKS = YES;
				GCC_WARN_64_TO_32_BIT_CONVERSION = YES;
				GCC_WARN_ABOUT_RETURN_TYPE = YES_ERROR;
				GCC_WARN_UNDECLARED_SELECTOR = YES;
				GCC_WARN_UNINITIALIZED_AUTOS = YES_AGGRESSIVE;
				GCC_WARN_UNUSED_FUNCTION = YES;
				GCC_WARN_UNUSED_VARIABLE = YES;
				IPHONEOS_DEPLOYMENT_TARGET = 10.1;
				MTL_ENABLE_DEBUG_INFO = NO;
				SDKROOT = iphoneos;
				SWIFT_OPTIMIZATION_LEVEL = "-Owholemodule";
				VALIDATE_PRODUCT = YES;
			};
			name = Release;
		};
		AEC3FFA11DF64FF600026856 /* Debug */ = {
			isa = XCBuildConfiguration;
			buildSettings = {
				ASSETCATALOG_COMPILER_APPICON_NAME = AppIcon;
				DEVELOPMENT_TEAM = G46CPH7762;
				INFOPLIST_FILE = WaterfallDemo/Info.plist;
				LD_RUNPATH_SEARCH_PATHS = "$(inherited) @executable_path/Frameworks";
				PRODUCT_BUNDLE_IDENTIFIER = com.shangrong.zichanjia.WaterfallDemo;
				PRODUCT_NAME = "$(TARGET_NAME)";
				SWIFT_VERSION = 3.0;
			};
			name = Debug;
		};
		AEC3FFA21DF64FF600026856 /* Release */ = {
			isa = XCBuildConfiguration;
			buildSettings = {
				ASSETCATALOG_COMPILER_APPICON_NAME = AppIcon;
				DEVELOPMENT_TEAM = G46CPH7762;
				INFOPLIST_FILE = WaterfallDemo/Info.plist;
				LD_RUNPATH_SEARCH_PATHS = "$(inherited) @executable_path/Frameworks";
				PRODUCT_BUNDLE_IDENTIFIER = com.shangrong.zichanjia.WaterfallDemo;
				PRODUCT_NAME = "$(TARGET_NAME)";
				SWIFT_VERSION = 3.0;
			};
			name = Release;
		};
/* End XCBuildConfiguration section */

/* Begin XCConfigurationList section */
		AEC3FF891DF64FF600026856 /* Build configuration list for PBXProject "WaterfallDemo" */ = {
			isa = XCConfigurationList;
			buildConfigurations = (
				AEC3FF9E1DF64FF600026856 /* Debug */,
				AEC3FF9F1DF64FF600026856 /* Release */,
			);
			defaultConfigurationIsVisible = 0;
			defaultConfigurationName = Release;
		};
		AEC3FFA01DF64FF600026856 /* Build configuration list for PBXNativeTarget "WaterfallDemo" */ = {
			isa = XCConfigurationList;
			buildConfigurations = (
				AEC3FFA11DF64FF600026856 /* Debug */,
				AEC3FFA21DF64FF600026856 /* Release */,
			);
			defaultConfigurationIsVisible = 0;
			defaultConfigurationName = Release;
		};
/* End XCConfigurationList section */
	};
	rootObject = AEC3FF861DF64FF600026856 /* Project object */;
}
